
Microsoft Visual Studio Solution File, Format Version 12.00
# Visual Studio 2013
VisualStudioVersion = 12.0.31101.0
MinimumVisualStudioVersion = 10.0.40219.1
Project("{FAE04EC0-301F-11D3-BF4B-00C04F79EFBC}") = "HtmlParser", "HtmlParser\HtmlParser.csproj", "{965F51EB-E9B7-4F1F-A59C-3500FED3868E}"
EndProject
Project("{FAE04EC0-301F-11D3-BF4B-00C04F79EFBC}") = "CssParser", "CssParser\CssParser.csproj", "{701D18B9-415F-4BAA-8EB5-E8D704F9AA0F}"
EndProject
Project("{FAE04EC0-301F-11D3-BF4B-00C04F79EFBC}") = "JsParser", "JsParser\JsParser.csproj", "{50BECA27-EC93-45AB-9D0F-A8EEA3C661A8}"
EndProject
Project("{FAE04EC0-301F-11D3-BF4B-00C04F79EFBC}") = "ProtocolAnalizer", "ProtocolAnalizer\ProtocolAnalizer.csproj", "{2D264FFA-83CF-4279-9AF7-F3397D56B3C7}"
EndProject
Project("{FAE04EC0-301F-11D3-BF4B-00C04F79EFBC}") = "ParserCommon", "ParserCommon\ParserCommon.csproj", "{4ACAB80F-FDC8-4729-A673-275B80D95C18}"
EndProject
Project("{FAE04EC0-301F-11D3-BF4B-00C04F79EFBC}") = "HtmlParser.Test", "HtmlParser.Test\HtmlParser.Test.csproj", "{D530FE99-89C9-4EDC-BA5B-FBF6D4DCC752}"
EndProject
Project("{2150E333-8FDC-42A3-9474-1A3956D46DE8}") = ".nuget", ".nuget", "{F3960BAE-BC1B-42F0-BDE7-2910D9A45274}"
	ProjectSection(SolutionItems) = preProject
		.nuget\packages.config = .nuget\packages.config
	EndProjectSection
EndProject
Project("{FAE04EC0-301F-11D3-BF4B-00C04F79EFBC}") = "CssParser.Tests", "CssParser.Tests\CssParser.Tests.csproj", "{D376D66F-B7A5-4395-A4DF-844CC40D7E37}"
EndProject
Project("{FAE04EC0-301F-11D3-BF4B-00C04F79EFBC}") = "JsParser.Tests", "JsParser.Tests\JsParser.Tests.csproj", "{93933AB6-A471-426F-9D27-C31E1566F660}"
EndProject
Project("{FAE04EC0-301F-11D3-BF4B-00C04F79EFBC}") = "ProtocolAnalizer.Tests", "ProtocolAnalizer.Tests\ProtocolAnalizer.Tests.csproj", "{301E5DD2-54F9-4A18-A6B8-3A5CDE546286}"
EndProject
Project("{FAE04EC0-301F-11D3-BF4B-00C04F79EFBC}") = "DownloadService", "DownloadService\DownloadService.csproj", "{D94023FC-4727-4548-BD7B-DF64ED2946E9}"
EndProject
Global
	GlobalSection(SolutionConfigurationPlatforms) = preSolution
		Debug|Any CPU = Debug|Any CPU
		Release|Any CPU = Release|Any CPU
	EndGlobalSection
	GlobalSection(ProjectConfigurationPlatforms) = postSolution
		{965F51EB-E9B7-4F1F-A59C-3500FED3868E}.Debug|Any CPU.ActiveCfg = Debug|Any CPU
		{965F51EB-E9B7-4F1F-A59C-3500FED3868E}.Debug|Any CPU.Build.0 = Debug|Any CPU
		{965F51EB-E9B7-4F1F-A59C-3500FED3868E}.Release|Any CPU.ActiveCfg = Release|Any CPU
		{965F51EB-E9B7-4F1F-A59C-3500FED3868E}.Release|Any CPU.Build.0 = Release|Any CPU
		{701D18B9-415F-4BAA-8EB5-E8D704F9AA0F}.Debug|Any CPU.ActiveCfg = Debug|Any CPU
		{701D18B9-415F-4BAA-8EB5-E8D704F9AA0F}.Debug|Any CPU.Build.0 = Debug|Any CPU
		{701D18B9-415F-4BAA-8EB5-E8D704F9AA0F}.Release|Any CPU.ActiveCfg = Release|Any CPU
		{701D18B9-415F-4BAA-8EB5-E8D704F9AA0F}.Release|Any CPU.Build.0 = Release|Any CPU
		{50BECA27-EC93-45AB-9D0F-A8EEA3C661A8}.Debug|Any CPU.ActiveCfg = Debug|Any CPU
		{50BECA27-EC93-45AB-9D0F-A8EEA3C661A8}.Debug|Any CPU.Build.0 = Debug|Any CPU
		{50BECA27-EC93-45AB-9D0F-A8EEA3C661A8}.Release|Any CPU.ActiveCfg = Release|Any CPU
		{50BECA27-EC93-45AB-9D0F-A8EEA3C661A8}.Release|Any CPU.Build.0 = Release|Any CPU
		{2D264FFA-83CF-4279-9AF7-F3397D56B3C7}.Debug|Any CPU.ActiveCfg = Debug|Any CPU
		{2D264FFA-83CF-4279-9AF7-F3397D56B3C7}.Debug|Any CPU.Build.0 = Debug|Any CPU
		{2D264FFA-83CF-4279-9AF7-F3397D56B3C7}.Release|Any CPU.ActiveCfg = Release|Any CPU
		{2D264FFA-83CF-4279-9AF7-F3397D56B3C7}.Release|Any CPU.Build.0 = Release|Any CPU
		{4ACAB80F-FDC8-4729-A673-275B80D95C18}.Debug|Any CPU.ActiveCfg = Debug|Any CPU
		{4ACAB80F-FDC8-4729-A673-275B80D95C18}.Debug|Any CPU.Build.0 = Debug|Any CPU
		{4ACAB80F-FDC8-4729-A673-275B80D95C18}.Release|Any CPU.ActiveCfg = Release|Any CPU
		{4ACAB80F-FDC8-4729-A673-275B80D95C18}.Release|Any CPU.Build.0 = Release|Any CPU
		{D530FE99-89C9-4EDC-BA5B-FBF6D4DCC752}.Debug|Any CPU.ActiveCfg = Debug|Any CPU
		{D530FE99-89C9-4EDC-BA5B-FBF6D4DCC752}.Debug|Any CPU.Build.0 = Debug|Any CPU
		{D530FE99-89C9-4EDC-BA5B-FBF6D4DCC752}.Release|Any CPU.ActiveCfg = Release|Any CPU
		{D530FE99-89C9-4EDC-BA5B-FBF6D4DCC752}.Release|Any CPU.Build.0 = Release|Any CPU
		{D376D66F-B7A5-4395-A4DF-844CC40D7E37}.Debug|Any CPU.ActiveCfg = Debug|Any CPU
		{D376D66F-B7A5-4395-A4DF-844CC40D7E37}.Debug|Any CPU.Build.0 = Debug|Any CPU
		{D376D66F-B7A5-4395-A4DF-844CC40D7E37}.Release|Any CPU.ActiveCfg = Release|Any CPU
		{D376D66F-B7A5-4395-A4DF-844CC40D7E37}.Release|Any CPU.Build.0 = Release|Any CPU
		{93933AB6-A471-426F-9D27-C31E1566F660}.Debug|Any CPU.ActiveCfg = Debug|Any CPU
		{93933AB6-A471-426F-9D27-C31E1566F660}.Debug|Any CPU.Build.0 = Debug|Any CPU
		{93933AB6-A471-426F-9D27-C31E1566F660}.Release|Any CPU.ActiveCfg = Release|Any CPU
		{93933AB6-A471-426F-9D27-C31E1566F660}.Release|Any CPU.Build.0 = Release|Any CPU
		{301E5DD2-54F9-4A18-A6B8-3A5CDE546286}.Debug|Any CPU.ActiveCfg = Debug|Any CPU
		{301E5DD2-54F9-4A18-A6B8-3A5CDE546286}.Debug|Any CPU.Build.0 = Debug|Any CPU
		{301E5DD2-54F9-4A18-A6B8-3A5CDE546286}.Release|Any CPU.ActiveCfg = Release|Any CPU
		{301E5DD2-54F9-4A18-A6B8-3A5CDE546286}.Release|Any CPU.Build.0 = Release|Any CPU
		{D94023FC-4727-4548-BD7B-DF64ED2946E9}.Debug|Any CPU.ActiveCfg = Debug|Any CPU
		{D94023FC-4727-4548-BD7B-DF64ED2946E9}.Debug|Any CPU.Build.0 = Debug|Any CPU
		{D94023FC-4727-4548-BD7B-DF64ED2946E9}.Release|Any CPU.ActiveCfg = Release|Any CPU
		{D94023FC-4727-4548-BD7B-DF64ED2946E9}.Release|Any CPU.Build.0 = Release|Any CPU
	EndGlobalSection
	GlobalSection(SolutionProperties) = preSolution
		HideSolutionNode = FALSE
	EndGlobalSection
EndGlobal
